# Generated by Dagger. Pins the images and git refs this workspace uses.
# Any Dagger command may update this file; always commit it with your changes.
# Run `dagger workspace update` to refresh the pinned versions.
[["version","2"]]
["","git-latest",["github.com/dagger/go-sdk"],"refs/tags/v1.1.0"]
["","git-latest",["github.com/dagger/sdk-helpers",["version","v1"]],"refs/tags/v1.0.4"]
["","git-sha",["github.com/dagger/go-sdk","refs/tags/v1.1.0"],"2fa6a872760d2e2a33b612f1737ca5099d71ad0d"]
["","git-sha",["github.com/dagger/sdk-helpers","refs/tags/v1.0.4"],"6c883f657933ecb06ae86d56d9cd1f8785346bb1"]
["","oci-sha",["docker.io/library/alpine:3.21"],"sha256:48b0309ca019d89d40f670aa1bc06e426dc0931948452e8491e3d65087abc07d"]
["","oci-sha",["docker.io/library/golang:1.24-alpine"],"sha256:8bee1901f1e530bfb4a7850aa7a479d17ae3a18beb6e09064ed54cfd245b7191"]
["","oci-sha",["docker.io/library/golang:1.25-alpine"],"sha256:1ae0735f00daffa3aaf1363a5184c0d2dc55c78e3db4ec70241cdac97bf84b59"]
["","vanity-url",["https://dagger.io/sdk/go"],"https://github.com/dagger/go-sdk"]
["","vanity-url",["https://dagger.io/sdk/helpers"],"https://github.com/dagger/sdk-helpers"]